
Microsoft Visual Studio Solution File, Format Version 12.00
# Visual Studio Version 17
VisualStudioVersion = 17.4.33205.214
MinimumVisualStudioVersion = 10.0.40219.1
Project("{FAE04EC0-301F-11D3-BF4B-00C04F79EFBC}") = "RawDataMVC", "RawDataMVC\RawDataMVC.csproj", "{7F6A1ACE-AF29-4A83-B805-684F0F357A7C}"
EndProject
Project("{FAE04EC0-301F-11D3-BF4B-00C04F79EFBC}") = "RawData.Infrastructure", "RawDataShared\RawData.Infrastructure.csproj", "{0D487AB2-504F-4B92-947A-6D5A3C9DFFA9}"
EndProject
Global
	GlobalSection(SolutionConfigurationPlatforms) = preSolution
		Debug|Any CPU = Debug|Any CPU
		Release|Any CPU = Release|Any CPU
	EndGlobalSection
	GlobalSection(ProjectConfigurationPlatforms) = postSolution
		{7F6A1ACE-AF29-4A83-B805-684F0F357A7C}.Debug|Any CPU.ActiveCfg = Debug|Any CPU
		{7F6A1ACE-AF29-4A83-B805-684F0F357A7C}.Debug|Any CPU.Build.0 = Debug|Any CPU
		{7F6A1ACE-AF29-4A83-B805-684F0F357A7C}.Release|Any CPU.ActiveCfg = Release|Any CPU
		{7F6A1ACE-AF29-4A83-B805-684F0F357A7C}.Release|Any CPU.Build.0 = Release|Any CPU
		{0D487AB2-504F-4B92-947A-6D5A3C9DFFA9}.Debug|Any CPU.ActiveCfg = Debug|Any CPU
		{0D487AB2-504F-4B92-947A-6D5A3C9DFFA9}.Debug|Any CPU.Build.0 = Debug|Any CPU
		{0D487AB2-504F-4B92-947A-6D5A3C9DFFA9}.Release|Any CPU.ActiveCfg = Release|Any CPU
		{0D487AB2-504F-4B92-947A-6D5A3C9DFFA9}.Release|Any CPU.Build.0 = Release|Any CPU
	EndGlobalSection
	GlobalSection(SolutionProperties) = preSolution
		HideSolutionNode = FALSE
	EndGlobalSection
	GlobalSection(ExtensibilityGlobals) = postSolution
		SolutionGuid = {5ED18E6E-764B-4723-85D4-8D3D9661EB1B}
	EndGlobalSection
EndGlobal
